
Microsoft Visual Studio Solution File, Format Version 12.00
# Visual Studio Version 16
VisualStudioVersion = 16.0.29403.142
MinimumVisualStudioVersion = 10.0.40219.1
Project("{FAE04EC0-301F-11D3-BF4B-00C04F79EFBC}") = "GameServer", "GameServer\GameServer.csproj", "{25EEBB69-15A1-4734-803F-96208442C21D}"
EndProject
Global
	GlobalSection(SolutionConfigurationPlatforms) = preSolution
		Debug|Any CPU = Debug|Any CPU
		Release|Any CPU = Release|Any CPU
	EndGlobalSection
	GlobalSection(ProjectConfigurationPlatforms) = postSolution
		{25EEBB69-15A1-4734-803F-96208442C21D}.Debug|Any CPU.ActiveCfg = Debug|Any CPU
		{25EEBB69-15A1-4734-803F-96208442C21D}.Debug|Any CPU.Build.0 = Debug|Any CPU
		{25EEBB69-15A1-4734-803F-96208442C21D}.Release|Any CPU.ActiveCfg = Release|Any CPU
		{25EEBB69-15A1-4734-803F-96208442C21D}.Release|Any CPU.Build.0 = Release|Any CPU
	EndGlobalSection
	GlobalSection(SolutionProperties) = preSolution
		HideSolutionNode = FALSE
	EndGlobalSection
	GlobalSection(ExtensibilityGlobals) = postSolution
		SolutionGuid = {41EC19D3-1F21-4AFD-8C1B-A0CF90146342}
	EndGlobalSection
EndGlobal
